
Microsoft Visual Studio Solution File, Format Version 12.00
# Visual Studio 15
VisualStudioVersion = 15.0.28307.645
MinimumVisualStudioVersion = 10.0.40219.1
Project("{FAE04EC0-301F-11D3-BF4B-00C04F79EFBC}") = "DesktopApp3", "DesktopApp3\DesktopApp3.csproj", "{D1321D57-1F8E-47F0-8740-662F56CDCD29}"
EndProject
Global
	GlobalSection(SolutionConfigurationPlatforms) = preSolution
		Debug|Any CPU = Debug|Any CPU
		Release|Any CPU = Release|Any CPU
	EndGlobalSection
	GlobalSection(ProjectConfigurationPlatforms) = postSolution
		{D1321D57-1F8E-47F0-8740-662F56CDCD29}.Debug|Any CPU.ActiveCfg = Debug|Any CPU
		{D1321D57-1F8E-47F0-8740-662F56CDCD29}.Debug|Any CPU.Build.0 = Debug|Any CPU
		{D1321D57-1F8E-47F0-8740-662F56CDCD29}.Release|Any CPU.ActiveCfg = Release|Any CPU
		{D1321D57-1F8E-47F0-8740-662F56CDCD29}.Release|Any CPU.Build.0 = Release|Any CPU
	EndGlobalSection
	GlobalSection(SolutionProperties) = preSolution
		HideSolutionNode = FALSE
	EndGlobalSection
	GlobalSection(ExtensibilityGlobals) = postSolution
		SolutionGuid = {1D418460-E8EB-4202-81B6-6A468ED64EB4}
	EndGlobalSection
EndGlobal
